
Microsoft Visual Studio Solution File, Format Version 12.00
# Visual Studio 15
VisualStudioVersion = 15.0.27703.2000
MinimumVisualStudioVersion = 10.0.40219.1
Project("{9A19103F-16F7-4668-BE54-9A1E7A4F7556}") = "Roro.Activities", "Roro.Activities\Roro.Activities.csproj", "{FB6256DD-4ABF-4FFD-A658-9F613E4B8475}"
EndProject
Project("{9A19103F-16F7-4668-BE54-9A1E7A4F7556}") = "Roro.Workflow", "Roro.Workflow\Roro.Workflow.csproj", "{4E0879C5-5EAC-4E66-8307-A549FFA93DF6}"
EndProject
Project("{FAE04EC0-301F-11D3-BF4B-00C04F79EFBC}") = "Roro.Workflow.Wpf", "Roro.Workflow.Wpf\Roro.Workflow.Wpf.csproj", "{80E0AD9D-EB9E-45BC-9AD1-AFD462BC7AA9}"
EndProject
Project("{9A19103F-16F7-4668-BE54-9A1E7A4F7556}") = "Roro.Activities.Storage", "Roro.Activities.Storage\Roro.Activities.Storage.csproj", "{609F9E15-9644-4F13-98BF-814B981328F0}"
EndProject
Project("{FAE04EC0-301F-11D3-BF4B-00C04F79EFBC}") = "Roro.Workflow.Tests", "Roro.Workflow.Tests\Roro.Workflow.Tests.csproj", "{6040086F-7050-4D77-9478-55E3A4301843}"
EndProject
Project("{FAE04EC0-301F-11D3-BF4B-00C04F79EFBC}") = "Roro.Activities.Automation", "Roro.Activities.Automation\Roro.Activities.Automation.csproj", "{156D9E19-44BA-4128-9876-74DC47E3741B}"
EndProject
Global
	GlobalSection(SolutionConfigurationPlatforms) = preSolution
		Debug|Any CPU = Debug|Any CPU
		Release|Any CPU = Release|Any CPU
	EndGlobalSection
	GlobalSection(ProjectConfigurationPlatforms) = postSolution
		{FB6256DD-4ABF-4FFD-A658-9F613E4B8475}.Debug|Any CPU.ActiveCfg = Debug|Any CPU
		{FB6256DD-4ABF-4FFD-A658-9F613E4B8475}.Debug|Any CPU.Build.0 = Debug|Any CPU
		{FB6256DD-4ABF-4FFD-A658-9F613E4B8475}.Release|Any CPU.ActiveCfg = Release|Any CPU
		{FB6256DD-4ABF-4FFD-A658-9F613E4B8475}.Release|Any CPU.Build.0 = Release|Any CPU
		{4E0879C5-5EAC-4E66-8307-A549FFA93DF6}.Debug|Any CPU.ActiveCfg = Debug|Any CPU
		{4E0879C5-5EAC-4E66-8307-A549FFA93DF6}.Debug|Any CPU.Build.0 = Debug|Any CPU
		{4E0879C5-5EAC-4E66-8307-A549FFA93DF6}.Release|Any CPU.ActiveCfg = Release|Any CPU
		{4E0879C5-5EAC-4E66-8307-A549FFA93DF6}.Release|Any CPU.Build.0 = Release|Any CPU
		{80E0AD9D-EB9E-45BC-9AD1-AFD462BC7AA9}.Debug|Any CPU.ActiveCfg = Debug|Any CPU
		{80E0AD9D-EB9E-45BC-9AD1-AFD462BC7AA9}.Debug|Any CPU.Build.0 = Debug|Any CPU
		{80E0AD9D-EB9E-45BC-9AD1-AFD462BC7AA9}.Release|Any CPU.ActiveCfg = Release|Any CPU
		{80E0AD9D-EB9E-45BC-9AD1-AFD462BC7AA9}.Release|Any CPU.Build.0 = Release|Any CPU
		{609F9E15-9644-4F13-98BF-814B981328F0}.Debug|Any CPU.ActiveCfg = Debug|Any CPU
		{609F9E15-9644-4F13-98BF-814B981328F0}.Debug|Any CPU.Build.0 = Debug|Any CPU
		{609F9E15-9644-4F13-98BF-814B981328F0}.Release|Any CPU.ActiveCfg = Release|Any CPU
		{609F9E15-9644-4F13-98BF-814B981328F0}.Release|Any CPU.Build.0 = Release|Any CPU
		{6040086F-7050-4D77-9478-55E3A4301843}.Debug|Any CPU.ActiveCfg = Debug|Any CPU
		{6040086F-7050-4D77-9478-55E3A4301843}.Debug|Any CPU.Build.0 = Debug|Any CPU
		{6040086F-7050-4D77-9478-55E3A4301843}.Release|Any CPU.ActiveCfg = Release|Any CPU
		{6040086F-7050-4D77-9478-55E3A4301843}.Release|Any CPU.Build.0 = Release|Any CPU
		{156D9E19-44BA-4128-9876-74DC47E3741B}.Debug|Any CPU.ActiveCfg = Debug|Any CPU
		{156D9E19-44BA-4128-9876-74DC47E3741B}.Debug|Any CPU.Build.0 = Debug|Any CPU
		{156D9E19-44BA-4128-9876-74DC47E3741B}.Release|Any CPU.ActiveCfg = Release|Any CPU
		{156D9E19-44BA-4128-9876-74DC47E3741B}.Release|Any CPU.Build.0 = Release|Any CPU
	EndGlobalSection
	GlobalSection(SolutionProperties) = preSolution
		HideSolutionNode = FALSE
	EndGlobalSection
	GlobalSection(ExtensibilityGlobals) = postSolution
		SolutionGuid = {06230267-DEBB-413C-9201-FF167CEE9B65}
	EndGlobalSection
EndGlobal
